
Microsoft Visual Studio Solution File, Format Version 12.00
# Visual Studio Version 17
VisualStudioVersion = 17.7.34003.232
MinimumVisualStudioVersion = 10.0.40219.1
Project("{FAE04EC0-301F-11D3-BF4B-00C04F79EFBC}") = "BiletIstiyorum", "BiletIstiyorum\BiletIstiyorum.csproj", "{7B4524E0-567F-48F6-8AA4-AAACF4BD797D}"
EndProject
Global
	GlobalSection(SolutionConfigurationPlatforms) = preSolution
		Debug|Any CPU = Debug|Any CPU
		Release|Any CPU = Release|Any CPU
	EndGlobalSection
	GlobalSection(ProjectConfigurationPlatforms) = postSolution
		{7B4524E0-567F-48F6-8AA4-AAACF4BD797D}.Debug|Any CPU.ActiveCfg = Debug|Any CPU
		{7B4524E0-567F-48F6-8AA4-AAACF4BD797D}.Debug|Any CPU.Build.0 = Debug|Any CPU
		{7B4524E0-567F-48F6-8AA4-AAACF4BD797D}.Release|Any CPU.ActiveCfg = Release|Any CPU
		{7B4524E0-567F-48F6-8AA4-AAACF4BD797D}.Release|Any CPU.Build.0 = Release|Any CPU
	EndGlobalSection
	GlobalSection(SolutionProperties) = preSolution
		HideSolutionNode = FALSE
	EndGlobalSection
	GlobalSection(ExtensibilityGlobals) = postSolution
		SolutionGuid = {18823390-5AF3-48A8-89B3-1C2CF7819909}
	EndGlobalSection
EndGlobal
