
Microsoft Visual Studio Solution File, Format Version 12.00
# Visual Studio Version 17
VisualStudioVersion = 17.7.34003.232
MinimumVisualStudioVersion = 10.0.40219.1
Project("{FAE04EC0-301F-11D3-BF4B-00C04F79EFBC}") = "BiletVarmi", "BiletVarmi\BiletVarmi.csproj", "{A5C5ED10-E0D3-4BA5-8036-B2E0E6F1BF6F}"
EndProject
Global
	GlobalSection(SolutionConfigurationPlatforms) = preSolution
		Debug|Any CPU = Debug|Any CPU
		Release|Any CPU = Release|Any CPU
	EndGlobalSection
	GlobalSection(ProjectConfigurationPlatforms) = postSolution
		{A5C5ED10-E0D3-4BA5-8036-B2E0E6F1BF6F}.Debug|Any CPU.ActiveCfg = Debug|Any CPU
		{A5C5ED10-E0D3-4BA5-8036-B2E0E6F1BF6F}.Debug|Any CPU.Build.0 = Debug|Any CPU
		{A5C5ED10-E0D3-4BA5-8036-B2E0E6F1BF6F}.Release|Any CPU.ActiveCfg = Release|Any CPU
		{A5C5ED10-E0D3-4BA5-8036-B2E0E6F1BF6F}.Release|Any CPU.Build.0 = Release|Any CPU
	EndGlobalSection
	GlobalSection(SolutionProperties) = preSolution
		HideSolutionNode = FALSE
	EndGlobalSection
	GlobalSection(ExtensibilityGlobals) = postSolution
		SolutionGuid = {439B0AE1-92A4-48EE-87CB-9A17C023BF21}
	EndGlobalSection
EndGlobal
